
Microsoft Visual Studio Solution File, Format Version 12.00
# Visual Studio Version 17
VisualStudioVersion = 17.11.35222.181
MinimumVisualStudioVersion = 10.0.40219.1
Project("{FAE04EC0-301F-11D3-BF4B-00C04F79EFBC}") = "WindowsFormsApp9", "WindowsFormsApp9\WindowsFormsApp9.csproj", "{0761A3E4-68C0-49D0-BC81-275488A7F33D}"
EndProject
Global
	GlobalSection(SolutionConfigurationPlatforms) = preSolution
		Debug|Any CPU = Debug|Any CPU
		Release|Any CPU = Release|Any CPU
	EndGlobalSection
	GlobalSection(ProjectConfigurationPlatforms) = postSolution
		{0761A3E4-68C0-49D0-BC81-275488A7F33D}.Debug|Any CPU.ActiveCfg = Debug|Any CPU
		{0761A3E4-68C0-49D0-BC81-275488A7F33D}.Debug|Any CPU.Build.0 = Debug|Any CPU
		{0761A3E4-68C0-49D0-BC81-275488A7F33D}.Release|Any CPU.ActiveCfg = Release|Any CPU
		{0761A3E4-68C0-49D0-BC81-275488A7F33D}.Release|Any CPU.Build.0 = Release|Any CPU
	EndGlobalSection
	GlobalSection(SolutionProperties) = preSolution
		HideSolutionNode = FALSE
	EndGlobalSection
	GlobalSection(ExtensibilityGlobals) = postSolution
		SolutionGuid = {B3B38E8A-5974-4034-B5B3-5D616FDFE56D}
	EndGlobalSection
EndGlobal
